// !$*UTF8*$!
{
	archiveVersion = 1;
	classes = {
	};
	objectVersion = 55;
	objects = {

/* Begin PBXBuildFile section */
		11894B84287A7D800012EC59 /* AppDelegate.swift in Sources */ = {isa = PBXBuildFile; fileRef = 11894B83287A7D800012EC59 /* AppDelegate.swift */; };
		11894B86287A7D800012EC59 /* SceneDelegate.swift in Sources */ = {isa = PBXBuildFile; fileRef = 11894B85287A7D800012EC59 /* SceneDelegate.swift */; };
		11894B88287A7D800012EC59 /* ViewController.swift in Sources */ = {isa = PBXBuildFile; fileRef = 11894B87287A7D800012EC59 /* ViewController.swift */; };
		11894B8B287A7D800012EC59 /* Main.storyboard in Resources */ = {isa = PBXBuildFile; fileRef = 11894B89287A7D800012EC59 /* Main.storyboard */; };
		11894B8D287A7D810012EC59 /* Assets.xcassets in Resources */ = {isa = PBXBuildFile; fileRef = 11894B8C287A7D810012EC59 /* Assets.xcassets */; };
		11894B90287A7D810012EC59 /* LaunchScreen.storyboard in Resources */ = {isa = PBXBuildFile; fileRef = 11894B8E287A7D810012EC59 /* LaunchScreen.storyboard */; };
		11894B98287A7D8F0012EC59 /* Stack.swift in Sources */ = {isa = PBXBuildFile; fileRef = 11894B97287A7D8F0012EC59 /* Stack.swift */; };
		11894B9A287A7D9C0012EC59 /* Calculator.swift in Sources */ = {isa = PBXBuildFile; fileRef = 11894B99287A7D9C0012EC59 /* Calculator.swift */; };
		11894B9E287A7F5B0012EC59 /* Separator.swift in Sources */ = {isa = PBXBuildFile; fileRef = 11894B9D287A7F5B0012EC59 /* Separator.swift */; };
/* End PBXBuildFile section */

/* Begin PBXFileReference section */
		11894B80287A7D800012EC59 /* Polish Notation Calculator.app */ = {isa = PBXFileReference; explicitFileType = wrapper.application; includeInIndex = 0; path = "Polish Notation Calculator.app"; sourceTree = BUILT_PRODUCTS_DIR; };
		11894B83287A7D800012EC59 /* AppDelegate.swift */ = {isa = PBXFileReference; lastKnownFileType = sourcecode.swift; path = AppDelegate.swift; sourceTree = "<group>"; };
		11894B85287A7D800012EC59 /* SceneDelegate.swift */ = {isa = PBXFileReference; lastKnownFileType = sourcecode.swift; path = SceneDelegate.swift; sourceTree = "<group>"; };
		11894B87287A7D800012EC59 /* ViewController.swift */ = {isa = PBXFileReference; lastKnownFileType = sourcecode.swift; path = ViewController.swift; sourceTree = "<group>"; };
		11894B8A287A7D800012EC59 /* Base */ = {isa = PBXFileReference; lastKnownFileType = file.storyboard; name = Base; path = Base.lproj/Main.storyboard; sourceTree = "<group>"; };
		11894B8C287A7D810012EC59 /* Assets.xcassets */ = {isa = PBXFileReference; lastKnownFileType = folder.assetcatalog; path = Assets.xcassets; sourceTree = "<group>"; };
		11894B8F287A7D810012EC59 /* Base */ = {isa = PBXFileReference; lastKnownFileType = file.storyboard; name = Base; path = Base.lproj/LaunchScreen.storyboard; sourceTree = "<group>"; };
		11894B91287A7D810012EC59 /* Info.plist */ = {isa = PBXFileReference; lastKnownFileType = text.plist.xml; path = Info.plist; sourceTree = "<group>"; };
		11894B97287A7D8F0012EC59 /* Stack.swift */ = {isa = PBXFileReference; lastKnownFileType = sourcecode.swift; path = Stack.swift; sourceTree = "<group>"; };
		11894B99287A7D9C0012EC59 /* Calculator.swift */ = {isa = PBXFileReference; lastKnownFileType = sourcecode.swift; path = Calculator.swift; sourceTree = "<group>"; };
		11894B9D287A7F5B0012EC59 /* Separator.swift */ = {isa = PBXFileReference; lastKnownFileType = sourcecode.swift; path = Separator.swift; sourceTree = "<group>"; };
/* End PBXFileReference section */

/* Begin PBXFrameworksBuildPhase section */
		11894B7D287A7D800012EC59 /* Frameworks */ = {
			isa = PBXFrameworksBuildPhase;
			buildActionMask = 2147483647;
			files = (
			);
			runOnlyForDeploymentPostprocessing = 0;
		};
/* End PBXFrameworksBuildPhase section */

/* Begin PBXGroup section */
		11894B77287A7D800012EC59 = {
			isa = PBXGroup;
			children = (
				11894B82287A7D800012EC59 /* Polish Notation Calculator */,
				11894B81287A7D800012EC59 /* Products */,
			);
			sourceTree = "<group>";
		};
		11894B81287A7D800012EC59 /* Products */ = {
			isa = PBXGroup;
			children = (
				11894B80287A7D800012EC59 /* Polish Notation Calculator.app */,
			);
			name = Products;
			sourceTree = "<group>";
		};
		11894B82287A7D800012EC59 /* Polish Notation Calculator */ = {
			isa = PBXGroup;
			children = (
				11894B9B287A7DAE0012EC59 /* Model */,
				11894B83287A7D800012EC59 /* AppDelegate.swift */,
				11894B85287A7D800012EC59 /* SceneDelegate.swift */,
				11894B9C287A7DB80012EC59 /* Controller */,
				11894B89287A7D800012EC59 /* Main.storyboard */,
				11894B8C287A7D810012EC59 /* Assets.xcassets */,
				11894B8E287A7D810012EC59 /* LaunchScreen.storyboard */,
				11894B91287A7D810012EC59 /* Info.plist */,
			);
			path = "Polish Notation Calculator";
			sourceTree = "<group>";
		};
		11894B9B287A7DAE0012EC59 /* Model */ = {
			isa = PBXGroup;
			children = (
				11894B99287A7D9C0012EC59 /* Calculator.swift */,
				11894B9D287A7F5B0012EC59 /* Separator.swift */,
				11894B97287A7D8F0012EC59 /* Stack.swift */,
			);
			path = Model;
			sourceTree = "<group>";
		};
		11894B9C287A7DB80012EC59 /* Controller */ = {
			isa = PBXGroup;
			children = (
				11894B87287A7D800012EC59 /* ViewController.swift */,
			);
			path = Controller;
			sourceTree = "<group>";
		};
/* End PBXGroup section */

/* Begin PBXNativeTarget section */
		11894B7F287A7D800012EC59 /* Polish Notation Calculator */ = {
			isa = PBXNativeTarget;
			buildConfigurationList = 11894B94287A7D810012EC59 /* Build configuration list for PBXNativeTarget "Polish Notation Calculator" */;
			buildPhases = (
				11894B7C287A7D800012EC59 /* Sources */,
				11894B7D287A7D800012EC59 /* Frameworks */,
				11894B7E287A7D800012EC59 /* Resources */,
			);
			buildRules = (
			);
			dependencies = (
			);
			name = "Polish Notation Calculator";
			productName = "Polish Notation Calculator";
			productReference = 11894B80287A7D800012EC59 /* Polish Notation Calculator.app */;
			productType = "com.apple.product-type.application";
		};
/* End PBXNativeTarget section */

/* Begin PBXProject section */
		11894B78287A7D800012EC59 /* Project object */ = {
			isa = PBXProject;
			attributes = {
				BuildIndependentTargetsInParallel = 1;
				LastSwiftUpdateCheck = 1330;
				LastUpgradeCheck = 1330;
				TargetAttributes = {
					11894B7F287A7D800012EC59 = {
						CreatedOnToolsVersion = 13.3.1;
					};
				};
			};
			buildConfigurationList = 11894B7B287A7D800012EC59 /* Build configuration list for PBXProject "Polish Notation Calculator" */;
			compatibilityVersion = "Xcode 13.0";
			developmentRegion = en;
			hasScannedForEncodings = 0;
			knownRegions = (
				en,
				Base,
			);
			mainGroup = 11894B77287A7D800012EC59;
			productRefGroup = 11894B81287A7D800012EC59 /* Products */;
			projectDirPath = "";
			projectRoot = "";
			targets = (
				11894B7F287A7D800012EC59 /* Polish Notation Calculator */,
			);
		};
/* End PBXProject section */

/* Begin PBXResourcesBuildPhase section */
		11894B7E287A7D800012EC59 /* Resources */ = {
			isa = PBXResourcesBuildPhase;
			buildActionMask = 2147483647;
			files = (
				11894B90287A7D810012EC59 /* LaunchScreen.storyboard in Resources */,
				11894B8D287A7D810012EC59 /* Assets.xcassets in Resources */,
				11894B8B287A7D800012EC59 /* Main.storyboard in Resources */,
			);
			runOnlyForDeploymentPostprocessing = 0;
		};
/* End PBXResourcesBuildPhase section */

/* Begin PBXSourcesBuildPhase section */
		11894B7C287A7D800012EC59 /* Sources */ = {
			isa = PBXSourcesBuildPhase;
			buildActionMask = 2147483647;
			files = (
				11894B98287A7D8F0012EC59 /* Stack.swift in Sources */,
				11894B88287A7D800012EC59 /* ViewController.swift in Sources */,
				11894B84287A7D800012EC59 /* AppDelegate.swift in Sources */,
				11894B9A287A7D9C0012EC59 /* Calculator.swift in Sources */,
				11894B9E287A7F5B0012EC59 /* Separator.swift in Sources */,
				11894B86287A7D800012EC59 /* SceneDelegate.swift in Sources */,
			);
			runOnlyForDeploymentPostprocessing = 0;
		};
/* End PBXSourcesBuildPhase section */

/* Begin PBXVariantGroup section */
		11894B89287A7D800012EC59 /* Main.storyboard */ = {
			isa = PBXVariantGroup;
			children = (
				11894B8A287A7D800012EC59 /* Base */,
			);
			name = Main.storyboard;
			sourceTree = "<group>";
		};
		11894B8E287A7D810012EC59 /* LaunchScreen.storyboard */ = {
			isa = PBXVariantGroup;
			children = (
				11894B8F287A7D810012EC59 /* Base */,
			);
			name = LaunchScreen.storyboard;
			sourceTree = "<group>";
		};
/* End PBXVariantGroup section */

/* Begin XCBuildConfiguration section */
		11894B92287A7D810012EC59 /* Debug */ = {
			isa = XCBuildConfiguration;
			buildSettings = {
				ALWAYS_SEARCH_USER_PATHS = NO;
				CLANG_ANALYZER_NONNULL = YES;
				CLANG_ANALYZER_NUMBER_OBJECT_CONVERSION = YES_AGGRESSIVE;
				CLANG_CXX_LANGUAGE_STANDARD = "gnu++17";
				CLANG_ENABLE_MODULES = YES;
				CLANG_ENABLE_OBJC_ARC = YES;
				CLANG_ENABLE_OBJC_WEAK = YES;
				CLANG_WARN_BLOCK_CAPTURE_AUTORELEASING = YES;
				CLANG_WARN_BOOL_CONVERSION = YES;
				CLANG_WARN_COMMA = YES;
				CLANG_WARN_CONSTANT_CONVERSION = YES;
				CLANG_WARN_DEPRECATED_OBJC_IMPLEMENTATIONS = YES;
				CLANG_WARN_DIRECT_OBJC_ISA_USAGE = YES_ERROR;
				CLANG_WARN_DOCUMENTATION_COMMENTS = YES;
				CLANG_WARN_EMPTY_BODY = YES;
				CLANG_WARN_ENUM_CONVERSION = YES;
				CLANG_WARN_INFINITE_RECURSION = YES;
				CLANG_WARN_INT_CONVERSION = YES;
				CLANG_WARN_NON_LITERAL_NULL_CONVERSION = YES;
				CLANG_WARN_OBJC_IMPLICIT_RETAIN_SELF = YES;
				CLANG_WARN_OBJC_LITERAL_CONVERSION = YES;
				CLANG_WARN_OBJC_ROOT_CLASS = YES_ERROR;
				CLANG_WARN_QUOTED_INCLUDE_IN_FRAMEWORK_HEADER = YES;
				CLANG_WARN_RANGE_LOOP_ANALYSIS = YES;
				CLANG_WARN_STRICT_PROTOTYPES = YES;
				CLANG_WARN_SUSPICIOUS_MOVE = YES;
				CLANG_WARN_UNGUARDED_AVAILABILITY = YES_AGGRESSIVE;
				CLANG_WARN_UNREACHABLE_CODE = YES;
				CLANG_WARN__DUPLICATE_METHOD_MATCH = YES;
				COPY_PHASE_STRIP = NO;
				DEBUG_INFORMATION_FORMAT = dwarf;
				ENABLE_STRICT_OBJC_MSGSEND = YES;
				ENABLE_TESTABILITY = YES;
				GCC_C_LANGUAGE_STANDARD = gnu11;
				GCC_DYNAMIC_NO_PIC = NO;
				GCC_NO_COMMON_BLOCKS = YES;
				GCC_OPTIMIZATION_LEVEL = 0;
				GCC_PREPROCESSOR_DEFINITIONS = (
					"DEBUG=1",
					"$(inherited)",
				);
				GCC_WARN_64_TO_32_BIT_CONVERSION = YES;
				GCC_WARN_ABOUT_RETURN_TYPE = YES_ERROR;
				GCC_WARN_UNDECLARED_SELECTOR = YES;
				GCC_WARN_UNINITIALIZED_AUTOS = YES_AGGRESSIVE;
				GCC_WARN_UNUSED_FUNCTION = YES;
				GCC_WARN_UNUSED_VARIABLE = YES;
				IPHONEOS_DEPLOYMENT_TARGET = 15.4;
				MTL_ENABLE_DEBUG_INFO = INCLUDE_SOURCE;
				MTL_FAST_MATH = YES;
				ONLY_ACTIVE_ARCH = YES;
				SDKROOT = iphoneos;
				SWIFT_ACTIVE_COMPILATION_CONDITIONS = DEBUG;
				SWIFT_OPTIMIZATION_LEVEL = "-Onone";
			};
			name = Debug;
		};
		11894B93287A7D810012EC59 /* Release */ = {
			isa = XCBuildConfiguration;
			buildSettings = {
				ALWAYS_SEARCH_USER_PATHS = NO;
				CLANG_ANALYZER_NONNULL = YES;
				CLANG_ANALYZER_NUMBER_OBJECT_CONVERSION = YES_AGGRESSIVE;
				CLANG_CXX_LANGUAGE_STANDARD = "gnu++17";
				CLANG_ENABLE_MODULES = YES;
				CLANG_ENABLE_OBJC_ARC = YES;
				CLANG_ENABLE_OBJC_WEAK = YES;
				CLANG_WARN_BLOCK_CAPTURE_AUTORELEASING = YES;
				CLANG_WARN_BOOL_CONVERSION = YES;
				CLANG_WARN_COMMA = YES;
				CLANG_WARN_CONSTANT_CONVERSION = YES;
				CLANG_WARN_DEPRECATED_OBJC_IMPLEMENTATIONS = YES;
				CLANG_WARN_DIRECT_OBJC_ISA_USAGE = YES_ERROR;
				CLANG_WARN_DOCUMENTATION_COMMENTS = YES;
				CLANG_WARN_EMPTY_BODY = YES;
				CLANG_WARN_ENUM_CONVERSION = YES;
				CLANG_WARN_INFINITE_RECURSION = YES;
				CLANG_WARN_INT_CONVERSION = YES;
				CLANG_WARN_NON_LITERAL_NULL_CONVERSION = YES;
				CLANG_WARN_OBJC_IMPLICIT_RETAIN_SELF = YES;
				CLANG_WARN_OBJC_LITERAL_CONVERSION = YES;
				CLANG_WARN_OBJC_ROOT_CLASS = YES_ERROR;
				CLANG_WARN_QUOTED_INCLUDE_IN_FRAMEWORK_HEADER = YES;
				CLANG_WARN_RANGE_LOOP_ANALYSIS = YES;
				CLANG_WARN_STRICT_PROTOTYPES = YES;
				CLANG_WARN_SUSPICIOUS_MOVE = YES;
				CLANG_WARN_UNGUARDED_AVAILABILITY = YES_AGGRESSIVE;
				CLANG_WARN_UNREACHABLE_CODE = YES;
				CLANG_WARN__DUPLICATE_METHOD_MATCH = YES;
				COPY_PHASE_STRIP = NO;
				DEBUG_INFORMATION_FORMAT = "dwarf-with-dsym";
				ENABLE_NS_ASSERTIONS = NO;
				ENABLE_STRICT_OBJC_MSGSEND = YES;
				GCC_C_LANGUAGE_STANDARD = gnu11;
				GCC_NO_COMMON_BLOCKS = YES;
				GCC_WARN_64_TO_32_BIT_CONVERSION = YES;
				GCC_WARN_ABOUT_RETURN_TYPE = YES_ERROR;
				GCC_WARN_UNDECLARED_SELECTOR = YES;
				GCC_WARN_UNINITIALIZED_AUTOS = YES_AGGRESSIVE;
				GCC_WARN_UNUSED_FUNCTION = YES;
				GCC_WARN_UNUSED_VARIABLE = YES;
				IPHONEOS_DEPLOYMENT_TARGET = 15.4;
				MTL_ENABLE_DEBUG_INFO = NO;
				MTL_FAST_MATH = YES;
				SDKROOT = iphoneos;
				SWIFT_COMPILATION_MODE = wholemodule;
				SWIFT_OPTIMIZATION_LEVEL = "-O";
				VALIDATE_PRODUCT = YES;
			};
			name = Release;
		};
		11894B95287A7D810012EC59 /* Debug */ = {
			isa = XCBuildConfiguration;
			buildSettings = {
				ASSETCATALOG_COMPILER_APPICON_NAME = AppIcon;
				ASSETCATALOG_COMPILER_GLOBAL_ACCENT_COLOR_NAME = AccentColor;
				CODE_SIGN_STYLE = Automatic;
				CURRENT_PROJECT_VERSION = 1;
				DEVELOPMENT_TEAM = 8BJ6Z2KVZJ;
				GENERATE_INFOPLIST_FILE = YES;
				INFOPLIST_FILE = "Polish Notation Calculator/Info.plist";
				INFOPLIST_KEY_UIApplicationSupportsIndirectInputEvents = YES;
				INFOPLIST_KEY_UILaunchStoryboardName = LaunchScreen;
				INFOPLIST_KEY_UIMainStoryboardFile = Main;
				INFOPLIST_KEY_UISupportedInterfaceOrientations_iPad = "UIInterfaceOrientationPortrait UIInterfaceOrientationPortraitUpsideDown UIInterfaceOrientationLandscapeLeft UIInterfaceOrientationLandscapeRight";
				INFOPLIST_KEY_UISupportedInterfaceOrientations_iPhone = "UIInterfaceOrientationPortrait UIInterfaceOrientationLandscapeLeft UIInterfaceOrientationLandscapeRight";
				LD_RUNPATH_SEARCH_PATHS = (
					"$(inherited)",
					"@executable_path/Frameworks",
				);
				MARKETING_VERSION = 1.0;
				PRODUCT_BUNDLE_IDENTIFIER = "study.Polish-Notation-Calculator";
				PRODUCT_NAME = "$(TARGET_NAME)";
				SWIFT_EMIT_LOC_STRINGS = YES;
				SWIFT_VERSION = 5.0;
				TARGETED_DEVICE_FAMILY = "1,2";
			};
			name = Debug;
		};
		11894B96287A7D810012EC59 /* Release */ = {
			isa = XCBuildConfiguration;
			buildSettings = {
				ASSETCATALOG_COMPILER_APPICON_NAME = AppIcon;
				ASSETCATALOG_COMPILER_GLOBAL_ACCENT_COLOR_NAME = AccentColor;
				CODE_SIGN_STYLE = Automatic;
				CURRENT_PROJECT_VERSION = 1;
				DEVELOPMENT_TEAM = 8BJ6Z2KVZJ;
				GENERATE_INFOPLIST_FILE = YES;
				INFOPLIST_FILE = "Polish Notation Calculator/Info.plist";
				INFOPLIST_KEY_UIApplicationSupportsIndirectInputEvents = YES;
				INFOPLIST_KEY_UILaunchStoryboardName = LaunchScreen;
				INFOPLIST_KEY_UIMainStoryboardFile = Main;
				INFOPLIST_KEY_UISupportedInterfaceOrientations_iPad = "UIInterfaceOrientationPortrait UIInterfaceOrientationPortraitUpsideDown UIInterfaceOrientationLandscapeLeft UIInterfaceOrientationLandscapeRight";
				INFOPLIST_KEY_UISupportedInterfaceOrientations_iPhone = "UIInterfaceOrientationPortrait UIInterfaceOrientationLandscapeLeft UIInterfaceOrientationLandscapeRight";
				LD_RUNPATH_SEARCH_PATHS = (
					"$(inherited)",
					"@executable_path/Frameworks",
				);
				MARKETING_VERSION = 1.0;
				PRODUCT_BUNDLE_IDENTIFIER = "study.Polish-Notation-Calculator";
				PRODUCT_NAME = "$(TARGET_NAME)";
				SWIFT_EMIT_LOC_STRINGS = YES;
				SWIFT_VERSION = 5.0;
				TARGETED_DEVICE_FAMILY = "1,2";
			};
			name = Release;
		};
/* End XCBuildConfiguration section */

/* Begin XCConfigurationList section */
		11894B7B287A7D800012EC59 /* Build configuration list for PBXProject "Polish Notation Calculator" */ = {
			isa = XCConfigurationList;
			buildConfigurations = (
				11894B92287A7D810012EC59 /* Debug */,
				11894B93287A7D810012EC59 /* Release */,
			);
			defaultConfigurationIsVisible = 0;
			defaultConfigurationName = Release;
		};
		11894B94287A7D810012EC59 /* Build configuration list for PBXNativeTarget "Polish Notation Calculator" */ = {
			isa = XCConfigurationList;
			buildConfigurations = (
				11894B95287A7D810012EC59 /* Debug */,
				11894B96287A7D810012EC59 /* Release */,
			);
			defaultConfigurationIsVisible = 0;
			defaultConfigurationName = Release;
		};
/* End XCConfigurationList section */
	};
	rootObject = 11894B78287A7D800012EC59 /* Project object */;
}
